<?xml version="1.0" encoding="utf-8"?>
<Project ToolsVersion="4.0" xmlns="http://schemas.microsoft.com/developer/msbuild/2003">
  <ItemGroup>
    <Filter Include="Source Files">
      <UniqueIdentifier>{4FC737F1-C7A5-4376-A066-2A32D752A2FF}</UniqueIdentifier>
      <Extensions>cpp;c;cc;cxx;def;odl;idl;hpj;bat;asm;asmx</Extensions>
    </Filter>
    <Filter Include="Header Files">
      <UniqueIdentifier>{93995380-89BD-4b04-88EB-625FBE52EBFB}</UniqueIdentifier>
      <Extensions>h;hpp;hxx;hm;inl;inc;xsd</Extensions>
    </Filter>
    <Filter Include="Resource Files">
      <UniqueIdentifier>{67DA6AB6-F800-4c08-8B7A-83BB121AAD01}</UniqueIdentifier>
      <Extensions>rc;ico;cur;bmp;dlg;rc2;rct;bin;rgs;gif;jpg;jpeg;jpe;resx;tiff;tif;png;wav</Extensions>
    </Filter>
    <Filter Include="drawNumber">
      <UniqueIdentifier>{5c2bd3f4-98ae-46a5-bba0-e9a75d50bbbf}</UniqueIdentifier>
    </Filter>
    <Filter Include="sqlite">
      <UniqueIdentifier>{33411961-a5b9-43f9-9c48-33179f1371e2}</UniqueIdentifier>
    </Filter>
    <Filter Include="OSGUI">
      <UniqueIdentifier>{452c4c12-f1e2-4228-b449-584701e58c84}</UniqueIdentifier>
    </Filter>
  </ItemGroup>
  <ItemGroup>
    <ClCompile Include="CEqmDrawPage.cpp">
      <Filter>Source Files</Filter>
    </ClCompile>
    <ClCompile Include="ComponentDraw.cpp">
      <Filter>Source Files</Filter>
    </ClCompile>
    <ClCompile Include="DrawObject.cpp">
      <Filter>Source Files</Filter>
    </ClCompile>
    <ClCompile Include="DrawProxy.cpp">
      <Filter>Source Files</Filter>
    </ClCompile>
    <ClCompile Include="EqmDrawBase.cpp">
      <Filter>Source Files</Filter>
    </ClCompile>
    <ClCompile Include="EqmDrawDefines.cpp">
      <Filter>Source Files</Filter>
    </ClCompile>
    <ClCompile Include="EqmDrawDevice.cpp">
      <Filter>Source Files</Filter>
    </ClCompile>
    <ClCompile Include="EqmDrawGraphic.cpp">
      <Filter>Source Files</Filter>
    </ClCompile>
    <ClCompile Include="EqmDrawGraphicEllipse.cpp">
      <Filter>Source Files</Filter>
    </ClCompile>
    <ClCompile Include="EqmDrawGraphicLine.cpp">
      <Filter>Source Files</Filter>
    </ClCompile>
    <ClCompile Include="EqmDrawGraphicPolygon.cpp">
      <Filter>Source Files</Filter>
    </ClCompile>
    <ClCompile Include="EqmDrawGraphicRect.cpp">
      <Filter>Source Files</Filter>
    </ClCompile>
    <ClCompile Include="EqmDrawPipe.cpp">
      <Filter>Source Files</Filter>
    </ClCompile>
    <ClCompile Include="EqmDrawProject.cpp">
      <Filter>Source Files</Filter>
    </ClCompile>
    <ClCompile Include="EqmDrawText.cpp">
      <Filter>Source Files</Filter>
    </ClCompile>
    <ClCompile Include="UtilDrawNumber.cpp">
      <Filter>drawNumber</Filter>
    </ClCompile>
    <ClCompile Include="ParseStringParam3.cpp">
      <Filter>Source Files</Filter>
    </ClCompile>
    <ClCompile Include="ProjectSqlite.cpp">
      <Filter>sqlite</Filter>
    </ClCompile>
    <ClCompile Include="stdafx.cpp">
      <Filter>Source Files</Filter>
    </ClCompile>
    <ClCompile Include="EqmDrawBarGraphic.cpp">
      <Filter>Source Files</Filter>
    </ClCompile>
    <ClCompile Include="EqmDrawBend.cpp">
      <Filter>Source Files</Filter>
    </ClCompile>
    <ClCompile Include="EqmDrawDashBoard.cpp">
      <Filter>Source Files</Filter>
    </ClCompile>
    <ClCompile Include="EqmDrawLineGraphic.cpp">
      <Filter>Source Files</Filter>
    </ClCompile>
    <ClCompile Include="EqmDrawPieGraphic.cpp">
      <Filter>Source Files</Filter>
    </ClCompile>
    <ClCompile Include="EqmDrawButton.cpp">
      <Filter>Source Files</Filter>
    </ClCompile>
    <ClCompile Include="EqmDrawTimeSelect.cpp">
      <Filter>Source Files</Filter>
    </ClCompile>
    <ClCompile Include="EqmDrawTimeBar.cpp">
      <Filter>Source Files</Filter>
    </ClCompile>
    <ClCompile Include="EqmDrawProgressBar.cpp">
      <Filter>Source Files</Filter>
    </ClCompile>
    <ClCompile Include="EqmDrawDiagnoseGraphic.cpp">
      <Filter>Source Files</Filter>
    </ClCompile>
    <ClCompile Include="EqmDrawDiagnoseGraphicPlus.cpp">
      <Filter>Source Files</Filter>
    </ClCompile>
    <ClCompile Include="EqmDrawAreaChange.cpp">
      <Filter>Source Files</Filter>
    </ClCompile>
    <ClCompile Include="EqmDrawShellExecute.cpp">
      <Filter>Source Files</Filter>
    </ClCompile>
    <ClCompile Include="EqmDrawEmbededPage.cpp">
      <Filter>Source Files</Filter>
    </ClCompile>
    <ClCompile Include="EqmDrawLiquidLevel.cpp">
      <Filter>Source Files</Filter>
    </ClCompile>
    <ClCompile Include="EqmDrawButtonPlus.cpp">
      <Filter>Source Files</Filter>
    </ClCompile>
    <ClCompile Include="EqmDrawScrawl.cpp">
      <Filter>Source Files</Filter>
    </ClCompile>
    <ClCompile Include="EqmDrawHistoryTrend.cpp">
      <Filter>Source Files</Filter>
    </ClCompile>
    <ClCompile Include="EqmDrawEnergySaveRoi.cpp">
      <Filter>Source Files</Filter>
    </ClCompile>
    <ClCompile Include="EqmDrawMapNavigate.cpp">
      <Filter>Source Files</Filter>
    </ClCompile>
    <ClCompile Include="EqmDrawNavigateWindow.cpp">
      <Filter>Source Files</Filter>
    </ClCompile>
    <ClCompile Include="EqmDrawLevelRuler.cpp">
      <Filter>Source Files</Filter>
    </ClCompile>
    <ClCompile Include="EqmDrawDataAnalyse.cpp">
      <Filter>Source Files</Filter>
    </ClCompile>
    <ClCompile Include="EqmDrawTemperDistri.cpp">
      <Filter>Source Files</Filter>
    </ClCompile>
    <ClCompile Include="EqmDrawDataReport.cpp">
      <Filter>Source Files</Filter>
    </ClCompile>
    <ClCompile Include="EqmDrawPlaneTempeDistr.cpp">
      <Filter>Source Files</Filter>
    </ClCompile>
    <ClCompile Include="EqmDrawDottedLineFrm.cpp">
      <Filter>Source Files</Filter>
    </ClCompile>
    <ClCompile Include="EqmDrawGeneralComponent.cpp">
      <Filter>Source Files</Filter>
    </ClCompile>
    <ClCompile Include="PageTemplateInfo.cpp">
      <Filter>Source Files</Filter>
    </ClCompile>
    <ClCompile Include="EqmDrawRectangle.cpp">
      <Filter>Source Files</Filter>
    </ClCompile>
    <ClCompile Include="EqmDrawStraightLine.cpp">
      <Filter>Source Files</Filter>
    </ClCompile>
    <ClCompile Include="EqmDrawPolygon.cpp">
      <Filter>Source Files</Filter>
    </ClCompile>
  </ItemGroup>
  <ItemGroup>
    <ClInclude Include="memdc.h">
      <Filter>Header Files</Filter>
    </ClInclude>
    <ClInclude Include="stdafx.h">
      <Filter>Header Files</Filter>
    </ClInclude>
    <ClInclude Include="UtilDrawNumber.h">
      <Filter>drawNumber</Filter>
    </ClInclude>
    <ClInclude Include="CEqmDrawPage.h">
      <Filter>Header Files</Filter>
    </ClInclude>
    <ClInclude Include="DrawObject.h">
      <Filter>Header Files</Filter>
    </ClInclude>
    <ClInclude Include="DrawProxy.h">
      <Filter>Header Files</Filter>
    </ClInclude>
    <ClInclude Include="EqmDrawBase.h">
      <Filter>Header Files</Filter>
    </ClInclude>
    <ClInclude Include="EqmDrawDefines.h">
      <Filter>Header Files</Filter>
    </ClInclude>
    <ClInclude Include="EqmDrawDevice.h">
      <Filter>Header Files</Filter>
    </ClInclude>
    <ClInclude Include="EqmDrawGraphic.h">
      <Filter>Header Files</Filter>
    </ClInclude>
    <ClInclude Include="EqmDrawGraphicEllipse.h">
      <Filter>Header Files</Filter>
    </ClInclude>
    <ClInclude Include="EqmDrawGraphicPolygon.h">
      <Filter>Header Files</Filter>
    </ClInclude>
    <ClInclude Include="EqmDrawGraphicLine.h">
      <Filter>Header Files</Filter>
    </ClInclude>
    <ClInclude Include="EqmDrawGraphicRect.h">
      <Filter>Header Files</Filter>
    </ClInclude>
    <ClInclude Include="EqmDrawPipe.h">
      <Filter>Header Files</Filter>
    </ClInclude>
    <ClInclude Include="EqmDrawProject.h">
      <Filter>Header Files</Filter>
    </ClInclude>
    <ClInclude Include="EqmDrawText.h">
      <Filter>Header Files</Filter>
    </ClInclude>
    <ClInclude Include="ParseStringParam3.h">
      <Filter>Header Files</Filter>
    </ClInclude>
    <ClInclude Include="ProjectSqlite.h">
      <Filter>sqlite</Filter>
    </ClInclude>
    <ClInclude Include="EqmDrawBarGraphic.h">
      <Filter>Header Files</Filter>
    </ClInclude>
    <ClInclude Include="EqmDrawBend.h">
      <Filter>Header Files</Filter>
    </ClInclude>
    <ClInclude Include="EqmDrawDashBoard.h">
      <Filter>Header Files</Filter>
    </ClInclude>
    <ClInclude Include="EqmDrawLineGraphic.h">
      <Filter>Header Files</Filter>
    </ClInclude>
    <ClInclude Include="EqmDrawPieGraphic.h">
      <Filter>Header Files</Filter>
    </ClInclude>
    <ClInclude Include="EqmDrawButton.h">
      <Filter>Header Files</Filter>
    </ClInclude>
    <ClInclude Include="EqmDrawTimeSelect.h">
      <Filter>Header Files</Filter>
    </ClInclude>
    <ClInclude Include="EqmDrawTimeBar.h">
      <Filter>Header Files</Filter>
    </ClInclude>
    <ClInclude Include="EqmDrawProgressBar.h">
      <Filter>Header Files</Filter>
    </ClInclude>
    <ClInclude Include="EqmDrawDiagnoseGraphic.h">
      <Filter>Header Files</Filter>
    </ClInclude>
    <ClInclude Include="EqmDrawDiagnoseGraphicPlus.h">
      <Filter>Header Files</Filter>
    </ClInclude>
    <ClInclude Include="EqmDrawAreaChange.h">
      <Filter>Header Files</Filter>
    </ClInclude>
    <ClInclude Include="EqmDrawShellExecute.h">
      <Filter>Header Files</Filter>
    </ClInclude>
    <ClInclude Include="EqmDrawEmbededPage.h">
      <Filter>Header Files</Filter>
    </ClInclude>
    <ClInclude Include="EqmDrawLiquidLevel.h">
      <Filter>Header Files</Filter>
    </ClInclude>
    <ClInclude Include="EqmDrawButtonPlus.h">
      <Filter>Header Files</Filter>
    </ClInclude>
    <ClInclude Include="EqmDrawScrawl.h">
      <Filter>Header Files</Filter>
    </ClInclude>
    <ClInclude Include="EqmDrawHistoryTrend.h">
      <Filter>Header Files</Filter>
    </ClInclude>
    <ClInclude Include="EqmDrawEnergySaveRoi.h">
      <Filter>Header Files</Filter>
    </ClInclude>
    <ClInclude Include="EqmDrawMapNavigate.h">
      <Filter>Header Files</Filter>
    </ClInclude>
    <ClInclude Include="EqmDrawNavigateWindow.h">
      <Filter>Header Files</Filter>
    </ClInclude>
    <ClInclude Include="EqmDrawLevelRuler.h">
      <Filter>Header Files</Filter>
    </ClInclude>
    <ClInclude Include="EqmDrawDataAnalyse.h">
      <Filter>Header Files</Filter>
    </ClInclude>
    <ClInclude Include="EqmDrawTemperDistri.h">
      <Filter>Header Files</Filter>
    </ClInclude>
    <ClInclude Include="EqmDrawDataReport.h">
      <Filter>Header Files</Filter>
    </ClInclude>
    <ClInclude Include="EqmDrawPlaneTempeDistr.h">
      <Filter>Header Files</Filter>
    </ClInclude>
    <ClInclude Include="EqmDrawDottedLineFrm.h">
      <Filter>Header Files</Filter>
    </ClInclude>
    <ClInclude Include="EqmDrawGeneralComponent.h">
      <Filter>Header Files</Filter>
    </ClInclude>
    <ClInclude Include="PageTemplateInfo.h">
      <Filter>Header Files</Filter>
    </ClInclude>
    <ClInclude Include="EqmDrawRectangle.h">
      <Filter>Header Files</Filter>
    </ClInclude>
    <ClInclude Include="EqmDrawStraightLine.h">
      <Filter>Header Files</Filter>
    </ClInclude>
    <ClInclude Include="EqmDrawPolygon.h">
      <Filter>Header Files</Filter>
    </ClInclude>
  </ItemGroup>
  <ItemGroup>
    <None Include="ReadMe.txt" />
  </ItemGroup>
</Project>